{
  "name": "site",
  "version": "1.0.0",
  "lockfileVersion": 1,
  "requires": true,
  "dependencies": {
    "@types/fabric": {
      "version": "3.0.0",
      "resolved": "https://registry.npmjs.org/@types/fabric/-/fabric-3.0.0.tgz",
      "integrity": "sha512-JkIGSEdUkpK+JneO9Qnml/z2+SX198czsVsg2EHnqMNCvIcs1B89sVNR64t3R/ekOXAabHWWP4SnBoSheqMmtg=="
    }
  }
}
